
Microsoft Visual Studio Solution File, Format Version 12.00
# Visual Studio 15
VisualStudioVersion = 15.0.26730.15
MinimumVisualStudioVersion = 10.0.40219.1
Project("{FAE04EC0-301F-11D3-BF4B-00C04F79EFBC}") = "Tomanji trucho", "Tomanji trucho\Tomanji trucho.csproj", "{F94BBC27-AC4C-4482-933B-873DF3B62508}"
EndProject
Global
	GlobalSection(SolutionConfigurationPlatforms) = preSolution
		Debug|Any CPU = Debug|Any CPU
		Release|Any CPU = Release|Any CPU
	EndGlobalSection
	GlobalSection(ProjectConfigurationPlatforms) = postSolution
		{F94BBC27-AC4C-4482-933B-873DF3B62508}.Debug|Any CPU.ActiveCfg = Debug|Any CPU
		{F94BBC27-AC4C-4482-933B-873DF3B62508}.Debug|Any CPU.Build.0 = Debug|Any CPU
		{F94BBC27-AC4C-4482-933B-873DF3B62508}.Release|Any CPU.ActiveCfg = Release|Any CPU
		{F94BBC27-AC4C-4482-933B-873DF3B62508}.Release|Any CPU.Build.0 = Release|Any CPU
	EndGlobalSection
	GlobalSection(SolutionProperties) = preSolution
		HideSolutionNode = FALSE
	EndGlobalSection
	GlobalSection(ExtensibilityGlobals) = postSolution
		SolutionGuid = {106A4BBA-D1BF-437A-8BDF-C5F619C5A986}
	EndGlobalSection
EndGlobal
